dependencies:
  espressif/esp_audio_codec:
    component_hash: af4663830bc73eca58febcc34a976d003465e78ed57458aa00a14b231e392ca1
    dependencies:
    - name: idf
      require: private
      version: '>=4.4'
    source:
      registry_url: https://components.espressif.com/
      type: service
    version: 2.4.1
  espressif/esp_h264:
    component_hash: e0b0212f2bdf1fc289a7370e6e7e69cd19883ae52661c746e9023a7cc7f22255
    dependencies:
    - name: idf
      require: private
      version: '>=4.4'
    source:
      registry_url: https://components.espressif.com/
      type: service
    targets:
    - esp32s3
    - esp32p4
    version: 1.2.0~1
  espressif/qrcode:
    component_hash: 31e70991ce22f28d73a4386417fc9c0993f61e1aab1832474fd9e3db8da9dcbd
    dependencies: []
    source:
      registry_url: https://components.espressif.com/
      type: service
    version: 0.2.0
  idf:
    source:
      type: idf
    version: 5.5.0
  lovyanGFX:
    component_hash: 4b16f8e694fa4868f1312a4d593f5e4eab57e0693b050e1d08220ae8dad16520
    dependencies: []
    source:
      git: https://github.com/lovyan03/LovyanGFX.git
      path: .
      type: git
    version: 6f6e9a052fc719ecb2b42640b0207215050d2560
direct_dependencies:
- espressif/esp_audio_codec
- espressif/esp_h264
- espressif/qrcode
- idf
- lovyanGFX
manifest_hash: e677c0c48cb233ad3a128c33df9c5a99f823329ab65694bb2262805c586c47f5
target: esp32s3
version: 2.0.0
